
Microsoft Visual Studio Solution File, Format Version 12.00
# Visual Studio Version 17
VisualStudioVersion = 17.13.35806.99 d17.13
MinimumVisualStudioVersion = 10.0.40219.1
Project("{FAE04EC0-301F-11D3-BF4B-00C04F79EFBC}") = "Portfolio", "Portfolio\Portfolio.csproj", "{F6155562-03D0-44E8-A52E-4BFCA377E4EE}"
EndProject
Global
	GlobalSection(SolutionConfigurationPlatforms) = preSolution
		Debug|Any CPU = Debug|Any CPU
		Release|Any CPU = Release|Any CPU
	EndGlobalSection
	GlobalSection(ProjectConfigurationPlatforms) = postSolution
		{F6155562-03D0-44E8-A52E-4BFCA377E4EE}.Debug|Any CPU.ActiveCfg = Debug|Any CPU
		{F6155562-03D0-44E8-A52E-4BFCA377E4EE}.Debug|Any CPU.Build.0 = Debug|Any CPU
		{F6155562-03D0-44E8-A52E-4BFCA377E4EE}.Release|Any CPU.ActiveCfg = Release|Any CPU
		{F6155562-03D0-44E8-A52E-4BFCA377E4EE}.Release|Any CPU.Build.0 = Release|Any CPU
	EndGlobalSection
	GlobalSection(SolutionProperties) = preSolution
		HideSolutionNode = FALSE
	EndGlobalSection
	GlobalSection(ExtensibilityGlobals) = postSolution
		SolutionGuid = {2C56F228-BA93-4F4F-A1CD-7A456C5AE00B}
	EndGlobalSection
EndGlobal
